
Microsoft Visual Studio Solution File, Format Version 12.00
# Visual Studio Version 16
VisualStudioVersion = 16.0.29411.138
MinimumVisualStudioVersion = 10.0.40219.1
Project("{FAE04EC0-301F-11D3-BF4B-00C04F79EFBC}") = "TestAdoNet", "TestAdoNet\TestAdoNet.csproj", "{14A5BEFA-F79D-4C3B-B38E-A04C9954CCAE}"
EndProject
Project("{FAE04EC0-301F-11D3-BF4B-00C04F79EFBC}") = "ClassLibrary1", "ClassLibrary1\ClassLibrary1.csproj", "{2F884173-BA3C-4204-8747-7C69BF657A61}"
EndProject
Global
	GlobalSection(SolutionConfigurationPlatforms) = preSolution
		Debug|Any CPU = Debug|Any CPU
		Release|Any CPU = Release|Any CPU
	EndGlobalSection
	GlobalSection(ProjectConfigurationPlatforms) = postSolution
		{14A5BEFA-F79D-4C3B-B38E-A04C9954CCAE}.Debug|Any CPU.ActiveCfg = Debug|Any CPU
		{14A5BEFA-F79D-4C3B-B38E-A04C9954CCAE}.Debug|Any CPU.Build.0 = Debug|Any CPU
		{14A5BEFA-F79D-4C3B-B38E-A04C9954CCAE}.Release|Any CPU.ActiveCfg = Release|Any CPU
		{14A5BEFA-F79D-4C3B-B38E-A04C9954CCAE}.Release|Any CPU.Build.0 = Release|Any CPU
		{2F884173-BA3C-4204-8747-7C69BF657A61}.Debug|Any CPU.ActiveCfg = Debug|Any CPU
		{2F884173-BA3C-4204-8747-7C69BF657A61}.Debug|Any CPU.Build.0 = Debug|Any CPU
		{2F884173-BA3C-4204-8747-7C69BF657A61}.Release|Any CPU.ActiveCfg = Release|Any CPU
		{2F884173-BA3C-4204-8747-7C69BF657A61}.Release|Any CPU.Build.0 = Release|Any CPU
	EndGlobalSection
	GlobalSection(SolutionProperties) = preSolution
		HideSolutionNode = FALSE
	EndGlobalSection
	GlobalSection(ExtensibilityGlobals) = postSolution
		SolutionGuid = {6DE1FB44-363F-4FED-A597-D5B05EEFCE31}
	EndGlobalSection
EndGlobal
